
Microsoft Visual Studio Solution File, Format Version 12.00
# Visual Studio 14
VisualStudioVersion = 14.0.25420.1
MinimumVisualStudioVersion = 10.0.40219.1
Project("{FAE04EC0-301F-11D3-BF4B-00C04F79EFBC}") = "SizingToolkit", "SizingToolkit\SizingToolkit.csproj", "{A94BA26E-D022-4C62-A894-24410AC908D7}"
EndProject
Project("{FAE04EC0-301F-11D3-BF4B-00C04F79EFBC}") = "MEP_Toolkit", "MEP_Toolkit\MEP_Toolkit.csproj", "{D8341D0E-736B-43FF-AD07-FE42B33DDB63}"
EndProject
Project("{FAE04EC0-301F-11D3-BF4B-00C04F79EFBC}") = "MEP_Toolkit_ZeroTouch", "MEP_Toolkit_ZeroTouch\MEP_Toolkit_ZeroTouch.csproj", "{BBF9CA52-83C4-452F-BE9B-A881E1B3D9AE}"
EndProject
Global
	GlobalSection(SolutionConfigurationPlatforms) = preSolution
		Debug|Any CPU = Debug|Any CPU
		Release|Any CPU = Release|Any CPU
	EndGlobalSection
	GlobalSection(ProjectConfigurationPlatforms) = postSolution
		{A94BA26E-D022-4C62-A894-24410AC908D7}.Debug|Any CPU.ActiveCfg = Debug|Any CPU
		{A94BA26E-D022-4C62-A894-24410AC908D7}.Debug|Any CPU.Build.0 = Debug|Any CPU
		{A94BA26E-D022-4C62-A894-24410AC908D7}.Release|Any CPU.ActiveCfg = Release|Any CPU
		{A94BA26E-D022-4C62-A894-24410AC908D7}.Release|Any CPU.Build.0 = Release|Any CPU
		{D8341D0E-736B-43FF-AD07-FE42B33DDB63}.Debug|Any CPU.ActiveCfg = Debug|Any CPU
		{D8341D0E-736B-43FF-AD07-FE42B33DDB63}.Debug|Any CPU.Build.0 = Debug|Any CPU
		{D8341D0E-736B-43FF-AD07-FE42B33DDB63}.Release|Any CPU.ActiveCfg = Release|Any CPU
		{D8341D0E-736B-43FF-AD07-FE42B33DDB63}.Release|Any CPU.Build.0 = Release|Any CPU
		{BBF9CA52-83C4-452F-BE9B-A881E1B3D9AE}.Debug|Any CPU.ActiveCfg = Debug|Any CPU
		{BBF9CA52-83C4-452F-BE9B-A881E1B3D9AE}.Debug|Any CPU.Build.0 = Debug|Any CPU
		{BBF9CA52-83C4-452F-BE9B-A881E1B3D9AE}.Release|Any CPU.ActiveCfg = Release|Any CPU
		{BBF9CA52-83C4-452F-BE9B-A881E1B3D9AE}.Release|Any CPU.Build.0 = Release|Any CPU
	EndGlobalSection
	GlobalSection(SolutionProperties) = preSolution
		HideSolutionNode = FALSE
	EndGlobalSection
EndGlobal
